
Microsoft Visual Studio Solution File, Format Version 12.00
# Visual Studio Version 17
VisualStudioVersion = 17.4.33110.190
MinimumVisualStudioVersion = 10.0.40219.1
Project("{2150E333-8FDC-42A3-9474-1A3956D46DE8}") = "Core", "Core", "{3ED4691A-FD71-4C87-AC6E-0B77D73F02AB}"
EndProject
Project("{2150E333-8FDC-42A3-9474-1A3956D46DE8}") = "Infrastructure", "Infrastructure", "{7C8B3DDA-EEE2-4EA4-A895-3A64011689DE}"
EndProject
Project("{2150E333-8FDC-42A3-9474-1A3956D46DE8}") = "Presentation", "Presentation", "{16E032A0-9616-486B-8D49-CB5AEF7E836F}"
EndProject
Project("{9A19103F-16F7-4668-BE54-9A1E7A4F7556}") = "Business.Diary", "Core\Business\Business.Diary.csproj", "{8ED941DA-6A3A-4C47-A1E1-5CC814A508DC}"
EndProject
Project("{9A19103F-16F7-4668-BE54-9A1E7A4F7556}") = "Domain.Diary", "Core\Domain\Domain.Diary.csproj", "{6FB14517-CA40-4622-8424-84F033697476}"
EndProject
Project("{9A19103F-16F7-4668-BE54-9A1E7A4F7556}") = "Repository.Diary", "Infrastructure\Repository\Repository.Diary.csproj", "{526B7DB7-EDEA-4FF7-83FF-52EC63691A85}"
EndProject
Project("{9A19103F-16F7-4668-BE54-9A1E7A4F7556}") = "Shared", "Infrastructure\Shared\Shared.csproj", "{30C0CF21-2A18-4AE2-BFE0-191898C7B664}"
EndProject
Project("{9A19103F-16F7-4668-BE54-9A1E7A4F7556}") = "Presentation.Diary", "Presentation\Presentation\Presentation.Diary.csproj", "{EFC6D99D-35AE-42DB-AA28-61B4B732AB21}"
EndProject
Project("{9A19103F-16F7-4668-BE54-9A1E7A4F7556}") = "Hateoas.Extension", "Presentation\Hateoas.Extension\Hateoas.Extension.csproj", "{575C4CF2-AC92-4A9C-AFB9-85329FA0AC35}"
EndProject
Project("{9A19103F-16F7-4668-BE54-9A1E7A4F7556}") = "Api.Diary", "Api.Diary\Api.Diary.csproj", "{31E6A7E2-D03A-44C8-8FF9-39B289C56801}"
EndProject
Project("{FAE04EC0-301F-11D3-BF4B-00C04F79EFBC}") = "Diary.Unit.Tests", "Diary.Unit.Tests\Diary.Unit.Tests.csproj", "{360456FC-0355-44B7-B98C-127AD7D86FCB}"
EndProject
Global
	GlobalSection(SolutionConfigurationPlatforms) = preSolution
		Debug|Any CPU = Debug|Any CPU
		Release|Any CPU = Release|Any CPU
	EndGlobalSection
	GlobalSection(ProjectConfigurationPlatforms) = postSolution
		{8ED941DA-6A3A-4C47-A1E1-5CC814A508DC}.Debug|Any CPU.ActiveCfg = Debug|Any CPU
		{8ED941DA-6A3A-4C47-A1E1-5CC814A508DC}.Debug|Any CPU.Build.0 = Debug|Any CPU
		{8ED941DA-6A3A-4C47-A1E1-5CC814A508DC}.Release|Any CPU.ActiveCfg = Release|Any CPU
		{8ED941DA-6A3A-4C47-A1E1-5CC814A508DC}.Release|Any CPU.Build.0 = Release|Any CPU
		{6FB14517-CA40-4622-8424-84F033697476}.Debug|Any CPU.ActiveCfg = Debug|Any CPU
		{6FB14517-CA40-4622-8424-84F033697476}.Debug|Any CPU.Build.0 = Debug|Any CPU
		{6FB14517-CA40-4622-8424-84F033697476}.Release|Any CPU.ActiveCfg = Release|Any CPU
		{6FB14517-CA40-4622-8424-84F033697476}.Release|Any CPU.Build.0 = Release|Any CPU
		{526B7DB7-EDEA-4FF7-83FF-52EC63691A85}.Debug|Any CPU.ActiveCfg = Debug|Any CPU
		{526B7DB7-EDEA-4FF7-83FF-52EC63691A85}.Debug|Any CPU.Build.0 = Debug|Any CPU
		{526B7DB7-EDEA-4FF7-83FF-52EC63691A85}.Release|Any CPU.ActiveCfg = Release|Any CPU
		{526B7DB7-EDEA-4FF7-83FF-52EC63691A85}.Release|Any CPU.Build.0 = Release|Any CPU
		{30C0CF21-2A18-4AE2-BFE0-191898C7B664}.Debug|Any CPU.ActiveCfg = Debug|Any CPU
		{30C0CF21-2A18-4AE2-BFE0-191898C7B664}.Debug|Any CPU.Build.0 = Debug|Any CPU
		{30C0CF21-2A18-4AE2-BFE0-191898C7B664}.Release|Any CPU.ActiveCfg = Release|Any CPU
		{30C0CF21-2A18-4AE2-BFE0-191898C7B664}.Release|Any CPU.Build.0 = Release|Any CPU
		{EFC6D99D-35AE-42DB-AA28-61B4B732AB21}.Debug|Any CPU.ActiveCfg = Debug|Any CPU
		{EFC6D99D-35AE-42DB-AA28-61B4B732AB21}.Debug|Any CPU.Build.0 = Debug|Any CPU
		{EFC6D99D-35AE-42DB-AA28-61B4B732AB21}.Release|Any CPU.ActiveCfg = Release|Any CPU
		{EFC6D99D-35AE-42DB-AA28-61B4B732AB21}.Release|Any CPU.Build.0 = Release|Any CPU
		{575C4CF2-AC92-4A9C-AFB9-85329FA0AC35}.Debug|Any CPU.ActiveCfg = Debug|Any CPU
		{575C4CF2-AC92-4A9C-AFB9-85329FA0AC35}.Debug|Any CPU.Build.0 = Debug|Any CPU
		{575C4CF2-AC92-4A9C-AFB9-85329FA0AC35}.Release|Any CPU.ActiveCfg = Release|Any CPU
		{575C4CF2-AC92-4A9C-AFB9-85329FA0AC35}.Release|Any CPU.Build.0 = Release|Any CPU
		{31E6A7E2-D03A-44C8-8FF9-39B289C56801}.Debug|Any CPU.ActiveCfg = Debug|Any CPU
		{31E6A7E2-D03A-44C8-8FF9-39B289C56801}.Debug|Any CPU.Build.0 = Debug|Any CPU
		{31E6A7E2-D03A-44C8-8FF9-39B289C56801}.Release|Any CPU.ActiveCfg = Release|Any CPU
		{31E6A7E2-D03A-44C8-8FF9-39B289C56801}.Release|Any CPU.Build.0 = Release|Any CPU
		{360456FC-0355-44B7-B98C-127AD7D86FCB}.Debug|Any CPU.ActiveCfg = Debug|Any CPU
		{360456FC-0355-44B7-B98C-127AD7D86FCB}.Debug|Any CPU.Build.0 = Debug|Any CPU
		{360456FC-0355-44B7-B98C-127AD7D86FCB}.Release|Any CPU.ActiveCfg = Release|Any CPU
		{360456FC-0355-44B7-B98C-127AD7D86FCB}.Release|Any CPU.Build.0 = Release|Any CPU
	EndGlobalSection
	GlobalSection(SolutionProperties) = preSolution
		HideSolutionNode = FALSE
	EndGlobalSection
	GlobalSection(NestedProjects) = preSolution
		{8ED941DA-6A3A-4C47-A1E1-5CC814A508DC} = {3ED4691A-FD71-4C87-AC6E-0B77D73F02AB}
		{6FB14517-CA40-4622-8424-84F033697476} = {3ED4691A-FD71-4C87-AC6E-0B77D73F02AB}
		{526B7DB7-EDEA-4FF7-83FF-52EC63691A85} = {7C8B3DDA-EEE2-4EA4-A895-3A64011689DE}
		{30C0CF21-2A18-4AE2-BFE0-191898C7B664} = {7C8B3DDA-EEE2-4EA4-A895-3A64011689DE}
		{EFC6D99D-35AE-42DB-AA28-61B4B732AB21} = {16E032A0-9616-486B-8D49-CB5AEF7E836F}
		{575C4CF2-AC92-4A9C-AFB9-85329FA0AC35} = {16E032A0-9616-486B-8D49-CB5AEF7E836F}
	EndGlobalSection
	GlobalSection(ExtensibilityGlobals) = postSolution
		SolutionGuid = {EEB50B46-98B2-47C0-B688-6CE12B85AD9A}
	EndGlobalSection
EndGlobal
